
Microsoft Visual Studio Solution File, Format Version 12.00
Project("{FAE04EC0-301F-11D3-BF4B-00C04F79EFBC}") = "QuizBot.App", "QuizBot.App\QuizBot.App.csproj", "{20B2201F-B270-4550-A989-5440E6E20490}"
EndProject
Project("{FAE04EC0-301F-11D3-BF4B-00C04F79EFBC}") = "QuizBot.Telegram", "QuizBot.Telegram\QuizBot.Telegram.csproj", "{499A9D65-399F-4F10-B3B5-F2268C78F256}"
EndProject
Project("{FAE04EC0-301F-11D3-BF4B-00C04F79EFBC}") = "QuizBot.Container", "QuizBot.Container\QuizBot.Container.csproj", "{F9BF4287-CBE1-4B23-B436-F6BC208EB73B}"
EndProject
Project("{FAE04EC0-301F-11D3-BF4B-00C04F79EFBC}") = "QuizBot.Telegram.Contract", "QuizBot.Telegram.Contract\QuizBot.Telegram.Contract.csproj", "{65172211-7D09-4244-BF60-0C12BC307087}"
EndProject
Project("{FAE04EC0-301F-11D3-BF4B-00C04F79EFBC}") = "QuizBot.Repository", "QuizBot.Repository\QuizBot.Repository.csproj", "{5699F28D-4BE4-47AE-9A55-6D31F0EA1A66}"
EndProject
Project("{FAE04EC0-301F-11D3-BF4B-00C04F79EFBC}") = "QuizBot.Model", "QuizBot.Model\QuizBot.Model.csproj", "{F2F2A746-ACF8-4619-BC6B-F9113FA8E755}"
EndProject
Project("{FAE04EC0-301F-11D3-BF4B-00C04F79EFBC}") = "QuizBot.Repository.Contract", "QuizBot.Repository.Contract\QuizBot.Repository.Contract.csproj", "{39E4A703-ACBD-48D0-886D-388500122128}"
EndProject
Global
	GlobalSection(SolutionConfigurationPlatforms) = preSolution
		Debug|Any CPU = Debug|Any CPU
		Release|Any CPU = Release|Any CPU
	EndGlobalSection
	GlobalSection(ProjectConfigurationPlatforms) = postSolution
		{20B2201F-B270-4550-A989-5440E6E20490}.Debug|Any CPU.ActiveCfg = Debug|Any CPU
		{20B2201F-B270-4550-A989-5440E6E20490}.Debug|Any CPU.Build.0 = Debug|Any CPU
		{20B2201F-B270-4550-A989-5440E6E20490}.Release|Any CPU.ActiveCfg = Release|Any CPU
		{20B2201F-B270-4550-A989-5440E6E20490}.Release|Any CPU.Build.0 = Release|Any CPU
		{499A9D65-399F-4F10-B3B5-F2268C78F256}.Debug|Any CPU.ActiveCfg = Debug|Any CPU
		{499A9D65-399F-4F10-B3B5-F2268C78F256}.Debug|Any CPU.Build.0 = Debug|Any CPU
		{499A9D65-399F-4F10-B3B5-F2268C78F256}.Release|Any CPU.ActiveCfg = Release|Any CPU
		{499A9D65-399F-4F10-B3B5-F2268C78F256}.Release|Any CPU.Build.0 = Release|Any CPU
		{F9BF4287-CBE1-4B23-B436-F6BC208EB73B}.Debug|Any CPU.ActiveCfg = Debug|Any CPU
		{F9BF4287-CBE1-4B23-B436-F6BC208EB73B}.Debug|Any CPU.Build.0 = Debug|Any CPU
		{F9BF4287-CBE1-4B23-B436-F6BC208EB73B}.Release|Any CPU.ActiveCfg = Release|Any CPU
		{F9BF4287-CBE1-4B23-B436-F6BC208EB73B}.Release|Any CPU.Build.0 = Release|Any CPU
		{65172211-7D09-4244-BF60-0C12BC307087}.Debug|Any CPU.ActiveCfg = Debug|Any CPU
		{65172211-7D09-4244-BF60-0C12BC307087}.Debug|Any CPU.Build.0 = Debug|Any CPU
		{65172211-7D09-4244-BF60-0C12BC307087}.Release|Any CPU.ActiveCfg = Release|Any CPU
		{65172211-7D09-4244-BF60-0C12BC307087}.Release|Any CPU.Build.0 = Release|Any CPU
		{5699F28D-4BE4-47AE-9A55-6D31F0EA1A66}.Debug|Any CPU.ActiveCfg = Debug|Any CPU
		{5699F28D-4BE4-47AE-9A55-6D31F0EA1A66}.Debug|Any CPU.Build.0 = Debug|Any CPU
		{5699F28D-4BE4-47AE-9A55-6D31F0EA1A66}.Release|Any CPU.ActiveCfg = Release|Any CPU
		{5699F28D-4BE4-47AE-9A55-6D31F0EA1A66}.Release|Any CPU.Build.0 = Release|Any CPU
		{F2F2A746-ACF8-4619-BC6B-F9113FA8E755}.Debug|Any CPU.ActiveCfg = Debug|Any CPU
		{F2F2A746-ACF8-4619-BC6B-F9113FA8E755}.Debug|Any CPU.Build.0 = Debug|Any CPU
		{F2F2A746-ACF8-4619-BC6B-F9113FA8E755}.Release|Any CPU.ActiveCfg = Release|Any CPU
		{F2F2A746-ACF8-4619-BC6B-F9113FA8E755}.Release|Any CPU.Build.0 = Release|Any CPU
		{39E4A703-ACBD-48D0-886D-388500122128}.Debug|Any CPU.ActiveCfg = Debug|Any CPU
		{39E4A703-ACBD-48D0-886D-388500122128}.Debug|Any CPU.Build.0 = Debug|Any CPU
		{39E4A703-ACBD-48D0-886D-388500122128}.Release|Any CPU.ActiveCfg = Release|Any CPU
		{39E4A703-ACBD-48D0-886D-388500122128}.Release|Any CPU.Build.0 = Release|Any CPU
	EndGlobalSection
EndGlobal
